
Microsoft Visual Studio Solution File, Format Version 10.00
# Visual Studio 2008
Project("{8BC9CEB8-8B4A-11D0-8D11-00A0C91BC942}") = "getopt_mb_uni_vc9_dll", "getopt_mb_uni_vc9_dll\getopt_mb_uni_vc9_dll.vcproj", "{4BBAEAA1-9AD1-42D2-B6DC-7F73C4B3D238}"
EndProject
Project("{8BC9CEB8-8B4A-11D0-8D11-00A0C91BC942}") = "getopt_mb_uni_vc9", "getopt_mb_uni_vc9\getopt_mb_uni_vc9.vcproj", "{AAE21437-396B-4985-A5CB-72A2F7DDF1A7}"
	ProjectSection(ProjectDependencies) = postProject
		{4BBAEAA1-9AD1-42D2-B6DC-7F73C4B3D238} = {4BBAEAA1-9AD1-42D2-B6DC-7F73C4B3D238}
	EndProjectSection
EndProject
Global
	GlobalSection(SolutionConfigurationPlatforms) = preSolution
		Debug Dll Test|Win32 = Debug Dll Test|Win32
		Debug Dll|Win32 = Debug Dll|Win32
		Debug Lib Test|Win32 = Debug Lib Test|Win32
		Debug Lib|Win32 = Debug Lib|Win32
		Release Dll Test|Win32 = Release Dll Test|Win32
		Release Dll|Win32 = Release Dll|Win32
		Release Lib Test|Win32 = Release Lib Test|Win32
		Release Lib|Win32 = Release Lib|Win32
	EndGlobalSection
	GlobalSection(ProjectConfigurationPlatforms) = postSolution
		{4BBAEAA1-9AD1-42D2-B6DC-7F73C4B3D238}.Debug Dll Test|Win32.ActiveCfg = Debug Dll|Win32
		{4BBAEAA1-9AD1-42D2-B6DC-7F73C4B3D238}.Debug Dll Test|Win32.Build.0 = Debug Dll|Win32
		{4BBAEAA1-9AD1-42D2-B6DC-7F73C4B3D238}.Debug Dll|Win32.ActiveCfg = Debug Dll|Win32
		{4BBAEAA1-9AD1-42D2-B6DC-7F73C4B3D238}.Debug Dll|Win32.Build.0 = Debug Dll|Win32
		{4BBAEAA1-9AD1-42D2-B6DC-7F73C4B3D238}.Debug Lib Test|Win32.ActiveCfg = Debug Lib|Win32
		{4BBAEAA1-9AD1-42D2-B6DC-7F73C4B3D238}.Debug Lib Test|Win32.Build.0 = Debug Lib|Win32
		{4BBAEAA1-9AD1-42D2-B6DC-7F73C4B3D238}.Debug Lib|Win32.ActiveCfg = Debug Lib|Win32
		{4BBAEAA1-9AD1-42D2-B6DC-7F73C4B3D238}.Debug Lib|Win32.Build.0 = Debug Lib|Win32
		{4BBAEAA1-9AD1-42D2-B6DC-7F73C4B3D238}.Release Dll Test|Win32.ActiveCfg = Release Dll|Win32
		{4BBAEAA1-9AD1-42D2-B6DC-7F73C4B3D238}.Release Dll Test|Win32.Build.0 = Release Dll|Win32
		{4BBAEAA1-9AD1-42D2-B6DC-7F73C4B3D238}.Release Dll|Win32.ActiveCfg = Release Dll|Win32
		{4BBAEAA1-9AD1-42D2-B6DC-7F73C4B3D238}.Release Dll|Win32.Build.0 = Release Dll|Win32
		{4BBAEAA1-9AD1-42D2-B6DC-7F73C4B3D238}.Release Lib Test|Win32.ActiveCfg = Release Lib|Win32
		{4BBAEAA1-9AD1-42D2-B6DC-7F73C4B3D238}.Release Lib Test|Win32.Build.0 = Release Lib|Win32
		{4BBAEAA1-9AD1-42D2-B6DC-7F73C4B3D238}.Release Lib|Win32.ActiveCfg = Release Lib|Win32
		{4BBAEAA1-9AD1-42D2-B6DC-7F73C4B3D238}.Release Lib|Win32.Build.0 = Release Lib|Win32
		{AAE21437-396B-4985-A5CB-72A2F7DDF1A7}.Debug Dll Test|Win32.ActiveCfg = Debug Dll|Win32
		{AAE21437-396B-4985-A5CB-72A2F7DDF1A7}.Debug Dll Test|Win32.Build.0 = Debug Dll|Win32
		{AAE21437-396B-4985-A5CB-72A2F7DDF1A7}.Debug Dll|Win32.ActiveCfg = Release Lib|Win32
		{AAE21437-396B-4985-A5CB-72A2F7DDF1A7}.Debug Dll|Win32.Build.0 = Release Lib|Win32
		{AAE21437-396B-4985-A5CB-72A2F7DDF1A7}.Debug Lib Test|Win32.ActiveCfg = Debug Lib|Win32
		{AAE21437-396B-4985-A5CB-72A2F7DDF1A7}.Debug Lib Test|Win32.Build.0 = Debug Lib|Win32
		{AAE21437-396B-4985-A5CB-72A2F7DDF1A7}.Debug Lib|Win32.ActiveCfg = Debug Lib|Win32
		{AAE21437-396B-4985-A5CB-72A2F7DDF1A7}.Debug Lib|Win32.Build.0 = Debug Lib|Win32
		{AAE21437-396B-4985-A5CB-72A2F7DDF1A7}.Release Dll Test|Win32.ActiveCfg = Release Dll|Win32
		{AAE21437-396B-4985-A5CB-72A2F7DDF1A7}.Release Dll Test|Win32.Build.0 = Release Dll|Win32
		{AAE21437-396B-4985-A5CB-72A2F7DDF1A7}.Release Dll|Win32.ActiveCfg = Release Dll|Win32
		{AAE21437-396B-4985-A5CB-72A2F7DDF1A7}.Release Dll|Win32.Build.0 = Release Dll|Win32
		{AAE21437-396B-4985-A5CB-72A2F7DDF1A7}.Release Lib Test|Win32.ActiveCfg = Release Lib|Win32
		{AAE21437-396B-4985-A5CB-72A2F7DDF1A7}.Release Lib Test|Win32.Build.0 = Release Lib|Win32
		{AAE21437-396B-4985-A5CB-72A2F7DDF1A7}.Release Lib|Win32.ActiveCfg = Release Lib|Win32
		{AAE21437-396B-4985-A5CB-72A2F7DDF1A7}.Release Lib|Win32.Build.0 = Release Lib|Win32
	EndGlobalSection
	GlobalSection(SolutionProperties) = preSolution
		HideSolutionNode = FALSE
	EndGlobalSection
EndGlobal
